
Microsoft Visual Studio Solution File, Format Version 12.00
# Visual Studio Version 17
VisualStudioVersion = 17.2.32526.322
MinimumVisualStudioVersion = 10.0.40219.1
Project("{2150E333-8FDC-42A3-9474-1A3956D46DE8}") = "src", "src", "{A1325743-68F7-4CF6-9210-90C2CF952487}"
EndProject
Project("{2150E333-8FDC-42A3-9474-1A3956D46DE8}") = "doc", "doc", "{EE715A44-D9BD-4A14-A92B-E85D07EDB787}"
EndProject
Project("{2150E333-8FDC-42A3-9474-1A3956D46DE8}") = "test", "test", "{9A01FF39-7200-4D19-88CA-C5E943BD5E16}"
EndProject
Project("{2150E333-8FDC-42A3-9474-1A3956D46DE8}") = "collection_postman", "collection_postman", "{863137FC-7599-4151-855B-E0AC4FCC5013}"
EndProject
Project("{2150E333-8FDC-42A3-9474-1A3956D46DE8}") = "API", "API", "{B93B0781-5146-4470-B1B3-B97461380D0E}"
EndProject
Project("{2150E333-8FDC-42A3-9474-1A3956D46DE8}") = "Core", "Core", "{11C2A3A4-F3AB-4CE7-B3F3-9B9198E508C6}"
EndProject
Project("{2150E333-8FDC-42A3-9474-1A3956D46DE8}") = "Infrastructure", "Infrastructure", "{17C818A9-CA0C-4C90-A526-9972F25FEAB0}"
EndProject
Project("{9A19103F-16F7-4668-BE54-9A1E7A4F7556}") = "EmpServiciosPublicos.Domain", "EmpServicioPublicos.Domain\EmpServiciosPublicos.Domain.csproj", "{6DF8206D-A12A-4939-9632-BFA61E242FAF}"
EndProject
Project("{9A19103F-16F7-4668-BE54-9A1E7A4F7556}") = "EmpServiciosPublicas.Api", "EmpServiciosPublicas.Api\EmpServiciosPublicas.Api.csproj", "{F1596001-AB89-4E45-A08A-76CC9F2A7ACF}"
EndProject
Project("{9A19103F-16F7-4668-BE54-9A1E7A4F7556}") = "EmpServiciosPublicas.Aplication", "EmpServiciosPublicas.Aplication\EmpServiciosPublicas.Aplication.csproj", "{2FD577A2-54C6-4F0F-AF36-2B948030692B}"
EndProject
Project("{9A19103F-16F7-4668-BE54-9A1E7A4F7556}") = "EmpServiciosPublicas.Infrastructure", "EmpServiciosPublicas.Infrastructure\EmpServiciosPublicas.Infrastructure.csproj", "{CC0FACA8-0096-4F00-88B3-C9F082CC6FC7}"
EndProject
Project("{9A19103F-16F7-4668-BE54-9A1E7A4F7556}") = "EmpServiciosPublicas.Infrastructure.Identity", "EmpServiciosPublicas.Infrastructure.Identity\EmpServiciosPublicas.Infrastructure.Identity.csproj", "{901C6DDB-4DDD-4BF5-85FF-304D21A30EAE}"
EndProject
Project("{9A19103F-16F7-4668-BE54-9A1E7A4F7556}") = "EmpServiciosPublicas.Aplication.UnitTests", "EmpServiciosPublicas.Aplication.UnitTests\EmpServiciosPublicas.Aplication.UnitTests.csproj", "{8D1230D7-7096-4912-BA53-405FF84A8FC8}"
EndProject
Project("{2150E333-8FDC-42A3-9474-1A3956D46DE8}") = "Clients", "Clients", "{6DFB4750-5FA3-4C4D-901A-A803070ECF92}"
EndProject
Project("{FAE04EC0-301F-11D3-BF4B-00C04F79EFBC}") = "EspSaas", "EspSaas\EspSaas.csproj", "{2B621660-65F4-4577-A657-18F54CF177F9}"
EndProject
Global
	GlobalSection(SolutionConfigurationPlatforms) = preSolution
		Debug|Any CPU = Debug|Any CPU
		Release|Any CPU = Release|Any CPU
	EndGlobalSection
	GlobalSection(ProjectConfigurationPlatforms) = postSolution
		{6DF8206D-A12A-4939-9632-BFA61E242FAF}.Debug|Any CPU.ActiveCfg = Debug|Any CPU
		{6DF8206D-A12A-4939-9632-BFA61E242FAF}.Debug|Any CPU.Build.0 = Debug|Any CPU
		{6DF8206D-A12A-4939-9632-BFA61E242FAF}.Release|Any CPU.ActiveCfg = Release|Any CPU
		{6DF8206D-A12A-4939-9632-BFA61E242FAF}.Release|Any CPU.Build.0 = Release|Any CPU
		{F1596001-AB89-4E45-A08A-76CC9F2A7ACF}.Debug|Any CPU.ActiveCfg = Debug|Any CPU
		{F1596001-AB89-4E45-A08A-76CC9F2A7ACF}.Debug|Any CPU.Build.0 = Debug|Any CPU
		{F1596001-AB89-4E45-A08A-76CC9F2A7ACF}.Release|Any CPU.ActiveCfg = Release|Any CPU
		{F1596001-AB89-4E45-A08A-76CC9F2A7ACF}.Release|Any CPU.Build.0 = Release|Any CPU
		{2FD577A2-54C6-4F0F-AF36-2B948030692B}.Debug|Any CPU.ActiveCfg = Debug|Any CPU
		{2FD577A2-54C6-4F0F-AF36-2B948030692B}.Debug|Any CPU.Build.0 = Debug|Any CPU
		{2FD577A2-54C6-4F0F-AF36-2B948030692B}.Release|Any CPU.ActiveCfg = Release|Any CPU
		{2FD577A2-54C6-4F0F-AF36-2B948030692B}.Release|Any CPU.Build.0 = Release|Any CPU
		{CC0FACA8-0096-4F00-88B3-C9F082CC6FC7}.Debug|Any CPU.ActiveCfg = Debug|Any CPU
		{CC0FACA8-0096-4F00-88B3-C9F082CC6FC7}.Debug|Any CPU.Build.0 = Debug|Any CPU
		{CC0FACA8-0096-4F00-88B3-C9F082CC6FC7}.Release|Any CPU.ActiveCfg = Release|Any CPU
		{CC0FACA8-0096-4F00-88B3-C9F082CC6FC7}.Release|Any CPU.Build.0 = Release|Any CPU
		{901C6DDB-4DDD-4BF5-85FF-304D21A30EAE}.Debug|Any CPU.ActiveCfg = Debug|Any CPU
		{901C6DDB-4DDD-4BF5-85FF-304D21A30EAE}.Debug|Any CPU.Build.0 = Debug|Any CPU
		{901C6DDB-4DDD-4BF5-85FF-304D21A30EAE}.Release|Any CPU.ActiveCfg = Release|Any CPU
		{901C6DDB-4DDD-4BF5-85FF-304D21A30EAE}.Release|Any CPU.Build.0 = Release|Any CPU
		{8D1230D7-7096-4912-BA53-405FF84A8FC8}.Debug|Any CPU.ActiveCfg = Debug|Any CPU
		{8D1230D7-7096-4912-BA53-405FF84A8FC8}.Debug|Any CPU.Build.0 = Debug|Any CPU
		{8D1230D7-7096-4912-BA53-405FF84A8FC8}.Release|Any CPU.ActiveCfg = Release|Any CPU
		{8D1230D7-7096-4912-BA53-405FF84A8FC8}.Release|Any CPU.Build.0 = Release|Any CPU
		{2B621660-65F4-4577-A657-18F54CF177F9}.Debug|Any CPU.ActiveCfg = Debug|Any CPU
		{2B621660-65F4-4577-A657-18F54CF177F9}.Debug|Any CPU.Build.0 = Debug|Any CPU
		{2B621660-65F4-4577-A657-18F54CF177F9}.Release|Any CPU.ActiveCfg = Release|Any CPU
		{2B621660-65F4-4577-A657-18F54CF177F9}.Release|Any CPU.Build.0 = Release|Any CPU
	EndGlobalSection
	GlobalSection(SolutionProperties) = preSolution
		HideSolutionNode = FALSE
	EndGlobalSection
	GlobalSection(NestedProjects) = preSolution
		{B93B0781-5146-4470-B1B3-B97461380D0E} = {A1325743-68F7-4CF6-9210-90C2CF952487}
		{11C2A3A4-F3AB-4CE7-B3F3-9B9198E508C6} = {A1325743-68F7-4CF6-9210-90C2CF952487}
		{17C818A9-CA0C-4C90-A526-9972F25FEAB0} = {A1325743-68F7-4CF6-9210-90C2CF952487}
		{6DF8206D-A12A-4939-9632-BFA61E242FAF} = {11C2A3A4-F3AB-4CE7-B3F3-9B9198E508C6}
		{F1596001-AB89-4E45-A08A-76CC9F2A7ACF} = {B93B0781-5146-4470-B1B3-B97461380D0E}
		{2FD577A2-54C6-4F0F-AF36-2B948030692B} = {11C2A3A4-F3AB-4CE7-B3F3-9B9198E508C6}
		{CC0FACA8-0096-4F00-88B3-C9F082CC6FC7} = {17C818A9-CA0C-4C90-A526-9972F25FEAB0}
		{901C6DDB-4DDD-4BF5-85FF-304D21A30EAE} = {17C818A9-CA0C-4C90-A526-9972F25FEAB0}
		{8D1230D7-7096-4912-BA53-405FF84A8FC8} = {9A01FF39-7200-4D19-88CA-C5E943BD5E16}
		{6DFB4750-5FA3-4C4D-901A-A803070ECF92} = {A1325743-68F7-4CF6-9210-90C2CF952487}
		{2B621660-65F4-4577-A657-18F54CF177F9} = {6DFB4750-5FA3-4C4D-901A-A803070ECF92}
	EndGlobalSection
	GlobalSection(ExtensibilityGlobals) = postSolution
		SolutionGuid = {B61E3C90-333F-4049-9278-44CCA9AF3E83}
	EndGlobalSection
EndGlobal
